// !$*UTF8*$!
{
	archiveVersion = 1;
	classes = {
	};
	objectVersion = 50;
	objects = {

/* Begin PBXBuildFile section */
		3C50AB7F247218930066BF49 /* AppDelegate.swift in Sources */ = {isa = PBXBuildFile; fileRef = 3C50AB7E247218930066BF49 /* AppDelegate.swift */; };
		3C50AB81247218930066BF49 /* SceneDelegate.swift in Sources */ = {isa = PBXBuildFile; fileRef = 3C50AB80247218930066BF49 /* SceneDelegate.swift */; };
		3C50AB86247218930066BF49 /* Main.storyboard in Resources */ = {isa = PBXBuildFile; fileRef = 3C50AB84247218930066BF49 /* Main.storyboard */; };
		3C50AB88247218930066BF49 /* Assets.xcassets in Resources */ = {isa = PBXBuildFile; fileRef = 3C50AB87247218930066BF49 /* Assets.xcassets */; };
		3C50AB8B247218930066BF49 /* LaunchScreen.storyboard in Resources */ = {isa = PBXBuildFile; fileRef = 3C50AB89247218930066BF49 /* LaunchScreen.storyboard */; };
		3C50AB9624721B640066BF49 /* PokedexTableViewController.swift in Sources */ = {isa = PBXBuildFile; fileRef = 3C50AB9524721B640066BF49 /* PokedexTableViewController.swift */; };
		3C50AB9824721B850066BF49 /* PokedexDetailViewController.swift in Sources */ = {isa = PBXBuildFile; fileRef = 3C50AB9724721B850066BF49 /* PokedexDetailViewController.swift */; };
		3C50AB9A247221A20066BF49 /* PokedexSearchViewController.swift in Sources */ = {isa = PBXBuildFile; fileRef = 3C50AB99247221A20066BF49 /* PokedexSearchViewController.swift */; };
		3C50AB9C247223A10066BF49 /* PokemonController.swift in Sources */ = {isa = PBXBuildFile; fileRef = 3C50AB9B247223A10066BF49 /* PokemonController.swift */; };
		3C50AB9E247224BB0066BF49 /* Pokemon.swift in Sources */ = {isa = PBXBuildFile; fileRef = 3C50AB9D247224BB0066BF49 /* Pokemon.swift */; };
/* End PBXBuildFile section */

/* Begin PBXFileReference section */
		3C50AB7B247218930066BF49 /* Pokedex.app */ = {isa = PBXFileReference; explicitFileType = wrapper.application; includeInIndex = 0; path = Pokedex.app; sourceTree = BUILT_PRODUCTS_DIR; };
		3C50AB7E247218930066BF49 /* AppDelegate.swift */ = {isa = PBXFileReference; lastKnownFileType = sourcecode.swift; path = AppDelegate.swift; sourceTree = "<group>"; };
		3C50AB80247218930066BF49 /* SceneDelegate.swift */ = {isa = PBXFileReference; lastKnownFileType = sourcecode.swift; path = SceneDelegate.swift; sourceTree = "<group>"; };
		3C50AB85247218930066BF49 /* Base */ = {isa = PBXFileReference; lastKnownFileType = file.storyboard; name = Base; path = Base.lproj/Main.storyboard; sourceTree = "<group>"; };
		3C50AB87247218930066BF49 /* Assets.xcassets */ = {isa = PBXFileReference; lastKnownFileType = folder.assetcatalog; path = Assets.xcassets; sourceTree = "<group>"; };
		3C50AB8A247218930066BF49 /* Base */ = {isa = PBXFileReference; lastKnownFileType = file.storyboard; name = Base; path = Base.lproj/LaunchScreen.storyboard; sourceTree = "<group>"; };
		3C50AB8C247218930066BF49 /* Info.plist */ = {isa = PBXFileReference; lastKnownFileType = text.plist.xml; path = Info.plist; sourceTree = "<group>"; };
		3C50AB9524721B640066BF49 /* PokedexTableViewController.swift */ = {isa = PBXFileReference; lastKnownFileType = sourcecode.swift; path = PokedexTableViewController.swift; sourceTree = "<group>"; };
		3C50AB9724721B850066BF49 /* PokedexDetailViewController.swift */ = {isa = PBXFileReference; lastKnownFileType = sourcecode.swift; path = PokedexDetailViewController.swift; sourceTree = "<group>"; };
		3C50AB99247221A20066BF49 /* PokedexSearchViewController.swift */ = {isa = PBXFileReference; lastKnownFileType = sourcecode.swift; path = PokedexSearchViewController.swift; sourceTree = "<group>"; };
		3C50AB9B247223A10066BF49 /* PokemonController.swift */ = {isa = PBXFileReference; lastKnownFileType = sourcecode.swift; path = PokemonController.swift; sourceTree = "<group>"; };
		3C50AB9D247224BB0066BF49 /* Pokemon.swift */ = {isa = PBXFileReference; lastKnownFileType = sourcecode.swift; path = Pokemon.swift; sourceTree = "<group>"; };
/* End PBXFileReference section */

/* Begin PBXFrameworksBuildPhase section */
		3C50AB78247218930066BF49 /* Frameworks */ = {
			isa = PBXFrameworksBuildPhase;
			buildActionMask = 2147483647;
			files = (
			);
			runOnlyForDeploymentPostprocessing = 0;
		};
/* End PBXFrameworksBuildPhase section */

/* Begin PBXGroup section */
		3C50AB72247218930066BF49 = {
			isa = PBXGroup;
			children = (
				3C50AB7D247218930066BF49 /* Pokedex */,
				3C50AB7C247218930066BF49 /* Products */,
			);
			sourceTree = "<group>";
		};
		3C50AB7C247218930066BF49 /* Products */ = {
			isa = PBXGroup;
			children = (
				3C50AB7B247218930066BF49 /* Pokedex.app */,
			);
			name = Products;
			sourceTree = "<group>";
		};
		3C50AB7D247218930066BF49 /* Pokedex */ = {
			isa = PBXGroup;
			children = (
				3C50AB9424721B430066BF49 /* Controllers */,
				3C50AB9324721B360066BF49 /* Models */,
				3C50AB9224721B230066BF49 /* View Controllers */,
				3C50AB7E247218930066BF49 /* AppDelegate.swift */,
				3C50AB80247218930066BF49 /* SceneDelegate.swift */,
				3C50AB84247218930066BF49 /* Main.storyboard */,
				3C50AB87247218930066BF49 /* Assets.xcassets */,
				3C50AB89247218930066BF49 /* LaunchScreen.storyboard */,
				3C50AB8C247218930066BF49 /* Info.plist */,
			);
			path = Pokedex;
			sourceTree = "<group>";
		};
		3C50AB9224721B230066BF49 /* View Controllers */ = {
			isa = PBXGroup;
			children = (
				3C50AB9524721B640066BF49 /* PokedexTableViewController.swift */,
				3C50AB9724721B850066BF49 /* PokedexDetailViewController.swift */,
				3C50AB99247221A20066BF49 /* PokedexSearchViewController.swift */,
			);
			path = "View Controllers";
			sourceTree = "<group>";
		};
		3C50AB9324721B360066BF49 /* Models */ = {
			isa = PBXGroup;
			children = (
				3C50AB9D247224BB0066BF49 /* Pokemon.swift */,
			);
			path = Models;
			sourceTree = "<group>";
		};
		3C50AB9424721B430066BF49 /* Controllers */ = {
			isa = PBXGroup;
			children = (
				3C50AB9B247223A10066BF49 /* PokemonController.swift */,
			);
			path = Controllers;
			sourceTree = "<group>";
		};
/* End PBXGroup section */

/* Begin PBXNativeTarget section */
		3C50AB7A247218930066BF49 /* Pokedex */ = {
			isa = PBXNativeTarget;
			buildConfigurationList = 3C50AB8F247218940066BF49 /* Build configuration list for PBXNativeTarget "Pokedex" */;
			buildPhases = (
				3C50AB77247218930066BF49 /* Sources */,
				3C50AB78247218930066BF49 /* Frameworks */,
				3C50AB79247218930066BF49 /* Resources */,
			);
			buildRules = (
			);
			dependencies = (
			);
			name = Pokedex;
			productName = Pokedex;
			productReference = 3C50AB7B247218930066BF49 /* Pokedex.app */;
			productType = "com.apple.product-type.application";
		};
/* End PBXNativeTarget section */

/* Begin PBXProject section */
		3C50AB73247218930066BF49 /* Project object */ = {
			isa = PBXProject;
			attributes = {
				LastSwiftUpdateCheck = 1120;
				LastUpgradeCheck = 1120;
				ORGANIZATIONNAME = "Ian French";
				TargetAttributes = {
					3C50AB7A247218930066BF49 = {
						CreatedOnToolsVersion = 11.2;
					};
				};
			};
			buildConfigurationList = 3C50AB76247218930066BF49 /* Build configuration list for PBXProject "Pokedex" */;
			compatibilityVersion = "Xcode 9.3";
			developmentRegion = en;
			hasScannedForEncodings = 0;
			knownRegions = (
				en,
				Base,
			);
			mainGroup = 3C50AB72247218930066BF49;
			productRefGroup = 3C50AB7C247218930066BF49 /* Products */;
			projectDirPath = "";
			projectRoot = "";
			targets = (
				3C50AB7A247218930066BF49 /* Pokedex */,
			);
		};
/* End PBXProject section */

/* Begin PBXResourcesBuildPhase section */
		3C50AB79247218930066BF49 /* Resources */ = {
			isa = PBXResourcesBuildPhase;
			buildActionMask = 2147483647;
			files = (
				3C50AB8B247218930066BF49 /* LaunchScreen.storyboard in Resources */,
				3C50AB88247218930066BF49 /* Assets.xcassets in Resources */,
				3C50AB86247218930066BF49 /* Main.storyboard in Resources */,
			);
			runOnlyForDeploymentPostprocessing = 0;
		};
/* End PBXResourcesBuildPhase section */

/* Begin PBXSourcesBuildPhase section */
		3C50AB77247218930066BF49 /* Sources */ = {
			isa = PBXSourcesBuildPhase;
			buildActionMask = 2147483647;
			files = (
				3C50AB9E247224BB0066BF49 /* Pokemon.swift in Sources */,
				3C50AB9624721B640066BF49 /* PokedexTableViewController.swift in Sources */,
				3C50AB9C247223A10066BF49 /* PokemonController.swift in Sources */,
				3C50AB9A247221A20066BF49 /* PokedexSearchViewController.swift in Sources */,
				3C50AB7F247218930066BF49 /* AppDelegate.swift in Sources */,
				3C50AB9824721B850066BF49 /* PokedexDetailViewController.swift in Sources */,
				3C50AB81247218930066BF49 /* SceneDelegate.swift in Sources */,
			);
			runOnlyForDeploymentPostprocessing = 0;
		};
/* End PBXSourcesBuildPhase section */

/* Begin PBXVariantGroup section */
		3C50AB84247218930066BF49 /* Main.storyboard */ = {
			isa = PBXVariantGroup;
			children = (
				3C50AB85247218930066BF49 /* Base */,
			);
			name = Main.storyboard;
			sourceTree = "<group>";
		};
		3C50AB89247218930066BF49 /* LaunchScreen.storyboard */ = {
			isa = PBXVariantGroup;
			children = (
				3C50AB8A247218930066BF49 /* Base */,
			);
			name = LaunchScreen.storyboard;
			sourceTree = "<group>";
		};
/* End PBXVariantGroup section */

/* Begin XCBuildConfiguration section */
		3C50AB8D247218940066BF49 /* Debug */ = {
			isa = XCBuildConfiguration;
			buildSettings = {
				ALWAYS_SEARCH_USER_PATHS = NO;
				CLANG_ANALYZER_NONNULL = YES;
				CLANG_ANALYZER_NUMBER_OBJECT_CONVERSION = YES_AGGRESSIVE;
				CLANG_CXX_LANGUAGE_STANDARD = "gnu++14";
				CLANG_CXX_LIBRARY = "libc++";
				CLANG_ENABLE_MODULES = YES;
				CLANG_ENABLE_OBJC_ARC = YES;
				CLANG_ENABLE_OBJC_WEAK = YES;
				CLANG_WARN_BLOCK_CAPTURE_AUTORELEASING = YES;
				CLANG_WARN_BOOL_CONVERSION = YES;
				CLANG_WARN_COMMA = YES;
				CLANG_WARN_CONSTANT_CONVERSION = YES;
				CLANG_WARN_DEPRECATED_OBJC_IMPLEMENTATIONS = YES;
				CLANG_WARN_DIRECT_OBJC_ISA_USAGE = YES_ERROR;
				CLANG_WARN_DOCUMENTATION_COMMENTS = YES;
				CLANG_WARN_EMPTY_BODY = YES;
				CLANG_WARN_ENUM_CONVERSION = YES;
				CLANG_WARN_INFINITE_RECURSION = YES;
				CLANG_WARN_INT_CONVERSION = YES;
				CLANG_WARN_NON_LITERAL_NULL_CONVERSION = YES;
				CLANG_WARN_OBJC_IMPLICIT_RETAIN_SELF = YES;
				CLANG_WARN_OBJC_LITERAL_CONVERSION = YES;
				CLANG_WARN_OBJC_ROOT_CLASS = YES_ERROR;
				CLANG_WARN_RANGE_LOOP_ANALYSIS = YES;
				CLANG_WARN_STRICT_PROTOTYPES = YES;
				CLANG_WARN_SUSPICIOUS_MOVE = YES;
				CLANG_WARN_UNGUARDED_AVAILABILITY = YES_AGGRESSIVE;
				CLANG_WARN_UNREACHABLE_CODE = YES;
				CLANG_WARN__DUPLICATE_METHOD_MATCH = YES;
				COPY_PHASE_STRIP = NO;
				DEBUG_INFORMATION_FORMAT = dwarf;
				ENABLE_STRICT_OBJC_MSGSEND = YES;
				ENABLE_TESTABILITY = YES;
				GCC_C_LANGUAGE_STANDARD = gnu11;
				GCC_DYNAMIC_NO_PIC = NO;
				GCC_NO_COMMON_BLOCKS = YES;
				GCC_OPTIMIZATION_LEVEL = 0;
				GCC_PREPROCESSOR_DEFINITIONS = (
					"DEBUG=1",
					"$(inherited)",
				);
				GCC_WARN_64_TO_32_BIT_CONVERSION = YES;
				GCC_WARN_ABOUT_RETURN_TYPE = YES_ERROR;
				GCC_WARN_UNDECLARED_SELECTOR = YES;
				GCC_WARN_UNINITIALIZED_AUTOS = YES_AGGRESSIVE;
				GCC_WARN_UNUSED_FUNCTION = YES;
				GCC_WARN_UNUSED_VARIABLE = YES;
				IPHONEOS_DEPLOYMENT_TARGET = 13.2;
				MTL_ENABLE_DEBUG_INFO = INCLUDE_SOURCE;
				MTL_FAST_MATH = YES;
				ONLY_ACTIVE_ARCH = YES;
				SDKROOT = iphoneos;
				SWIFT_ACTIVE_COMPILATION_CONDITIONS = DEBUG;
				SWIFT_OPTIMIZATION_LEVEL = "-Onone";
			};
			name = Debug;
		};
		3C50AB8E247218940066BF49 /* Release */ = {
			isa = XCBuildConfiguration;
			buildSettings = {
				ALWAYS_SEARCH_USER_PATHS = NO;
				CLANG_ANALYZER_NONNULL = YES;
				CLANG_ANALYZER_NUMBER_OBJECT_CONVERSION = YES_AGGRESSIVE;
				CLANG_CXX_LANGUAGE_STANDARD = "gnu++14";
				CLANG_CXX_LIBRARY = "libc++";
				CLANG_ENABLE_MODULES = YES;
				CLANG_ENABLE_OBJC_ARC = YES;
				CLANG_ENABLE_OBJC_WEAK = YES;
				CLANG_WARN_BLOCK_CAPTURE_AUTORELEASING = YES;
				CLANG_WARN_BOOL_CONVERSION = YES;
				CLANG_WARN_COMMA = YES;
				CLANG_WARN_CONSTANT_CONVERSION = YES;
				CLANG_WARN_DEPRECATED_OBJC_IMPLEMENTATIONS = YES;
				CLANG_WARN_DIRECT_OBJC_ISA_USAGE = YES_ERROR;
				CLANG_WARN_DOCUMENTATION_COMMENTS = YES;
				CLANG_WARN_EMPTY_BODY = YES;
				CLANG_WARN_ENUM_CONVERSION = YES;
				CLANG_WARN_INFINITE_RECURSION = YES;
				CLANG_WARN_INT_CONVERSION = YES;
				CLANG_WARN_NON_LITERAL_NULL_CONVERSION = YES;
				CLANG_WARN_OBJC_IMPLICIT_RETAIN_SELF = YES;
				CLANG_WARN_OBJC_LITERAL_CONVERSION = YES;
				CLANG_WARN_OBJC_ROOT_CLASS = YES_ERROR;
				CLANG_WARN_RANGE_LOOP_ANALYSIS = YES;
				CLANG_WARN_STRICT_PROTOTYPES = YES;
				CLANG_WARN_SUSPICIOUS_MOVE = YES;
				CLANG_WARN_UNGUARDED_AVAILABILITY = YES_AGGRESSIVE;
				CLANG_WARN_UNREACHABLE_CODE = YES;
				CLANG_WARN__DUPLICATE_METHOD_MATCH = YES;
				COPY_PHASE_STRIP = NO;
				DEBUG_INFORMATION_FORMAT = "dwarf-with-dsym";
				ENABLE_NS_ASSERTIONS = NO;
				ENABLE_STRICT_OBJC_MSGSEND = YES;
				GCC_C_LANGUAGE_STANDARD = gnu11;
				GCC_NO_COMMON_BLOCKS = YES;
				GCC_WARN_64_TO_32_BIT_CONVERSION = YES;
				GCC_WARN_ABOUT_RETURN_TYPE = YES_ERROR;
				GCC_WARN_UNDECLARED_SELECTOR = YES;
				GCC_WARN_UNINITIALIZED_AUTOS = YES_AGGRESSIVE;
				GCC_WARN_UNUSED_FUNCTION = YES;
				GCC_WARN_UNUSED_VARIABLE = YES;
				IPHONEOS_DEPLOYMENT_TARGET = 13.2;
				MTL_ENABLE_DEBUG_INFO = NO;
				MTL_FAST_MATH = YES;
				SDKROOT = iphoneos;
				SWIFT_COMPILATION_MODE = wholemodule;
				SWIFT_OPTIMIZATION_LEVEL = "-O";
				VALIDATE_PRODUCT = YES;
			};
			name = Release;
		};
		3C50AB90247218940066BF49 /* Debug */ = {
			isa = XCBuildConfiguration;
			buildSettings = {
				ASSETCATALOG_COMPILER_APPICON_NAME = AppIcon;
				CODE_SIGN_STYLE = Automatic;
				INFOPLIST_FILE = Pokedex/Info.plist;
				LD_RUNPATH_SEARCH_PATHS = (
					"$(inherited)",
					"@executable_path/Frameworks",
				);
				PRODUCT_BUNDLE_IDENTIFIER = "Cygnus-Enterprises.Pokedex";
				PRODUCT_NAME = "$(TARGET_NAME)";
				SWIFT_VERSION = 5.0;
				TARGETED_DEVICE_FAMILY = "1,2";
			};
			name = Debug;
		};
		3C50AB91247218940066BF49 /* Release */ = {
			isa = XCBuildConfiguration;
			buildSettings = {
				ASSETCATALOG_COMPILER_APPICON_NAME = AppIcon;
				CODE_SIGN_STYLE = Automatic;
				INFOPLIST_FILE = Pokedex/Info.plist;
				LD_RUNPATH_SEARCH_PATHS = (
					"$(inherited)",
					"@executable_path/Frameworks",
				);
				PRODUCT_BUNDLE_IDENTIFIER = "Cygnus-Enterprises.Pokedex";
				PRODUCT_NAME = "$(TARGET_NAME)";
				SWIFT_VERSION = 5.0;
				TARGETED_DEVICE_FAMILY = "1,2";
			};
			name = Release;
		};
/* End XCBuildConfiguration section */

/* Begin XCConfigurationList section */
		3C50AB76247218930066BF49 /* Build configuration list for PBXProject "Pokedex" */ = {
			isa = XCConfigurationList;
			buildConfigurations = (
				3C50AB8D247218940066BF49 /* Debug */,
				3C50AB8E247218940066BF49 /* Release */,
			);
			defaultConfigurationIsVisible = 0;
			defaultConfigurationName = Release;
		};
		3C50AB8F247218940066BF49 /* Build configuration list for PBXNativeTarget "Pokedex" */ = {
			isa = XCConfigurationList;
			buildConfigurations = (
				3C50AB90247218940066BF49 /* Debug */,
				3C50AB91247218940066BF49 /* Release */,
			);
			defaultConfigurationIsVisible = 0;
			defaultConfigurationName = Release;
		};
/* End XCConfigurationList section */
	};
	rootObject = 3C50AB73247218930066BF49 /* Project object */;
}
